
Microsoft Visual Studio Solution File, Format Version 11.00
# Visual Studio 2010
Project("{FAE04EC0-301F-11D3-BF4B-00C04F79EFBC}") = "overrideSocial", "overrideSocial\overrideSocial.csproj", "{44FF47B2-421C-4D11-8EF1-4F4A47E3D056}"
EndProject
Project("{FAE04EC0-301F-11D3-BF4B-00C04F79EFBC}") = "fnpix_updater", "api_test\fnpix_updater.csproj", "{8070BC0B-796A-49B9-A6D8-D86D823936AC}"
EndProject
Project("{FAE04EC0-301F-11D3-BF4B-00C04F79EFBC}") = "fnpix", "fnpix\fnpix.csproj", "{2FDCEB23-4644-45BC-9079-13AB0A2329F1}"
EndProject
Global
	GlobalSection(SolutionConfigurationPlatforms) = preSolution
		Debug|Any CPU = Debug|Any CPU
		Debug|Mixed Platforms = Debug|Mixed Platforms
		Debug|x86 = Debug|x86
		Release|Any CPU = Release|Any CPU
		Release|Mixed Platforms = Release|Mixed Platforms
		Release|x86 = Release|x86
	EndGlobalSection
	GlobalSection(ProjectConfigurationPlatforms) = postSolution
		{44FF47B2-421C-4D11-8EF1-4F4A47E3D056}.Debug|Any CPU.ActiveCfg = Debug|Any CPU
		{44FF47B2-421C-4D11-8EF1-4F4A47E3D056}.Debug|Any CPU.Build.0 = Debug|Any CPU
		{44FF47B2-421C-4D11-8EF1-4F4A47E3D056}.Debug|Mixed Platforms.ActiveCfg = Debug|Any CPU
		{44FF47B2-421C-4D11-8EF1-4F4A47E3D056}.Debug|Mixed Platforms.Build.0 = Debug|Any CPU
		{44FF47B2-421C-4D11-8EF1-4F4A47E3D056}.Debug|x86.ActiveCfg = Debug|Any CPU
		{44FF47B2-421C-4D11-8EF1-4F4A47E3D056}.Release|Any CPU.ActiveCfg = Release|Any CPU
		{44FF47B2-421C-4D11-8EF1-4F4A47E3D056}.Release|Any CPU.Build.0 = Release|Any CPU
		{44FF47B2-421C-4D11-8EF1-4F4A47E3D056}.Release|Mixed Platforms.ActiveCfg = Release|Any CPU
		{44FF47B2-421C-4D11-8EF1-4F4A47E3D056}.Release|Mixed Platforms.Build.0 = Release|Any CPU
		{44FF47B2-421C-4D11-8EF1-4F4A47E3D056}.Release|x86.ActiveCfg = Release|Any CPU
		{8070BC0B-796A-49B9-A6D8-D86D823936AC}.Debug|Any CPU.ActiveCfg = Debug|x86
		{8070BC0B-796A-49B9-A6D8-D86D823936AC}.Debug|Mixed Platforms.ActiveCfg = Debug|x86
		{8070BC0B-796A-49B9-A6D8-D86D823936AC}.Debug|Mixed Platforms.Build.0 = Debug|x86
		{8070BC0B-796A-49B9-A6D8-D86D823936AC}.Debug|x86.ActiveCfg = Debug|x86
		{8070BC0B-796A-49B9-A6D8-D86D823936AC}.Debug|x86.Build.0 = Debug|x86
		{8070BC0B-796A-49B9-A6D8-D86D823936AC}.Release|Any CPU.ActiveCfg = Release|x86
		{8070BC0B-796A-49B9-A6D8-D86D823936AC}.Release|Mixed Platforms.ActiveCfg = Release|x86
		{8070BC0B-796A-49B9-A6D8-D86D823936AC}.Release|Mixed Platforms.Build.0 = Release|x86
		{8070BC0B-796A-49B9-A6D8-D86D823936AC}.Release|x86.ActiveCfg = Release|x86
		{8070BC0B-796A-49B9-A6D8-D86D823936AC}.Release|x86.Build.0 = Release|x86
		{2FDCEB23-4644-45BC-9079-13AB0A2329F1}.Debug|Any CPU.ActiveCfg = Debug|Any CPU
		{2FDCEB23-4644-45BC-9079-13AB0A2329F1}.Debug|Any CPU.Build.0 = Debug|Any CPU
		{2FDCEB23-4644-45BC-9079-13AB0A2329F1}.Debug|Mixed Platforms.ActiveCfg = Debug|Any CPU
		{2FDCEB23-4644-45BC-9079-13AB0A2329F1}.Debug|Mixed Platforms.Build.0 = Debug|Any CPU
		{2FDCEB23-4644-45BC-9079-13AB0A2329F1}.Debug|x86.ActiveCfg = Debug|Any CPU
		{2FDCEB23-4644-45BC-9079-13AB0A2329F1}.Release|Any CPU.ActiveCfg = Release|Any CPU
		{2FDCEB23-4644-45BC-9079-13AB0A2329F1}.Release|Any CPU.Build.0 = Release|Any CPU
		{2FDCEB23-4644-45BC-9079-13AB0A2329F1}.Release|Mixed Platforms.ActiveCfg = Release|Any CPU
		{2FDCEB23-4644-45BC-9079-13AB0A2329F1}.Release|Mixed Platforms.Build.0 = Release|Any CPU
		{2FDCEB23-4644-45BC-9079-13AB0A2329F1}.Release|x86.ActiveCfg = Release|Any CPU
	EndGlobalSection
	GlobalSection(SolutionProperties) = preSolution
		HideSolutionNode = FALSE
	EndGlobalSection
EndGlobal
